
Microsoft Visual Studio Solution File, Format Version 12.00
# Visual Studio Version 16
VisualStudioVersion = 16.0.29409.12
MinimumVisualStudioVersion = 10.0.40219.1
Project("{FAE04EC0-301F-11D3-BF4B-00C04F79EFBC}") = "Cwiczenie7", "Cwiczenie7\Cwiczenie7.csproj", "{085DD60B-D128-4128-8A47-C7EBB03764AB}"
EndProject
Global
	GlobalSection(SolutionConfigurationPlatforms) = preSolution
		Debug|Any CPU = Debug|Any CPU
		Release|Any CPU = Release|Any CPU
	EndGlobalSection
	GlobalSection(ProjectConfigurationPlatforms) = postSolution
		{085DD60B-D128-4128-8A47-C7EBB03764AB}.Debug|Any CPU.ActiveCfg = Debug|Any CPU
		{085DD60B-D128-4128-8A47-C7EBB03764AB}.Debug|Any CPU.Build.0 = Debug|Any CPU
		{085DD60B-D128-4128-8A47-C7EBB03764AB}.Release|Any CPU.ActiveCfg = Release|Any CPU
		{085DD60B-D128-4128-8A47-C7EBB03764AB}.Release|Any CPU.Build.0 = Release|Any CPU
	EndGlobalSection
	GlobalSection(SolutionProperties) = preSolution
		HideSolutionNode = FALSE
	EndGlobalSection
	GlobalSection(ExtensibilityGlobals) = postSolution
		SolutionGuid = {61303D23-BF94-474B-8AFF-93BB8CE6C75E}
	EndGlobalSection
EndGlobal
