
Microsoft Visual Studio Solution File, Format Version 12.00
# Visual Studio Version 16
VisualStudioVersion = 16.0.29409.12
MinimumVisualStudioVersion = 10.0.40219.1
Project("{FAE04EC0-301F-11D3-BF4B-00C04F79EFBC}") = "Cwiczenie3", "Cwiczenie3\Cwiczenie3.csproj", "{BB63BAB5-A421-487F-BB27-EDBBF41F9A07}"
EndProject
Global
	GlobalSection(SolutionConfigurationPlatforms) = preSolution
		Debug|Any CPU = Debug|Any CPU
		Release|Any CPU = Release|Any CPU
	EndGlobalSection
	GlobalSection(ProjectConfigurationPlatforms) = postSolution
		{BB63BAB5-A421-487F-BB27-EDBBF41F9A07}.Debug|Any CPU.ActiveCfg = Debug|Any CPU
		{BB63BAB5-A421-487F-BB27-EDBBF41F9A07}.Debug|Any CPU.Build.0 = Debug|Any CPU
		{BB63BAB5-A421-487F-BB27-EDBBF41F9A07}.Release|Any CPU.ActiveCfg = Release|Any CPU
		{BB63BAB5-A421-487F-BB27-EDBBF41F9A07}.Release|Any CPU.Build.0 = Release|Any CPU
	EndGlobalSection
	GlobalSection(SolutionProperties) = preSolution
		HideSolutionNode = FALSE
	EndGlobalSection
	GlobalSection(ExtensibilityGlobals) = postSolution
		SolutionGuid = {DB4AF8CC-FE3D-469E-BA6D-3E24A4A03104}
	EndGlobalSection
EndGlobal
